
Microsoft Visual Studio Solution File, Format Version 12.00
# Visual Studio Version 17
VisualStudioVersion = 17.2.32616.157
MinimumVisualStudioVersion = 10.0.40219.1
Project("{FAE04EC0-301F-11D3-BF4B-00C04F79EFBC}") = "CommandLine", "CommandLine\CommandLine.csproj", "{30B53E2F-E1BA-49B0-94A1-088F4B660834}"
EndProject
Global
	GlobalSection(SolutionConfigurationPlatforms) = preSolution
		Debug|Any CPU = Debug|Any CPU
		Release|Any CPU = Release|Any CPU
	EndGlobalSection
	GlobalSection(ProjectConfigurationPlatforms) = postSolution
		{30B53E2F-E1BA-49B0-94A1-088F4B660834}.Debug|Any CPU.ActiveCfg = Debug|Any CPU
		{30B53E2F-E1BA-49B0-94A1-088F4B660834}.Debug|Any CPU.Build.0 = Debug|Any CPU
		{30B53E2F-E1BA-49B0-94A1-088F4B660834}.Release|Any CPU.ActiveCfg = Release|Any CPU
		{30B53E2F-E1BA-49B0-94A1-088F4B660834}.Release|Any CPU.Build.0 = Release|Any CPU
	EndGlobalSection
	GlobalSection(SolutionProperties) = preSolution
		HideSolutionNode = FALSE
	EndGlobalSection
	GlobalSection(ExtensibilityGlobals) = postSolution
		SolutionGuid = {2FFCCFD0-6FF8-4917-9866-7D3CAFCA408A}
	EndGlobalSection
EndGlobal
